
Microsoft Visual Studio Solution File, Format Version 12.00
# Visual Studio 15
VisualStudioVersion = 15.0.27004.2009
MinimumVisualStudioVersion = 10.0.40219.1
Project("{2150E333-8FDC-42A3-9474-1A3956D46DE8}") = "src", "src", "{398BB0CF-A821-48FB-BA6F-99D005C238AA}"
EndProject
Project("{2150E333-8FDC-42A3-9474-1A3956D46DE8}") = "Solution Items", "Solution Items", "{4595D61B-AFB2-4726-8C8D-21F5BD04613C}"
EndProject
Project("{9A19103F-16F7-4668-BE54-9A1E7A4F7556}") = "AMSuite2.API", "src\AMSuite2.API\AMSuite2.API.csproj", "{2C68678D-062E-4218-8C56-76BB29736B2E}"
EndProject
Project("{FAE04EC0-301F-11D3-BF4B-00C04F79EFBC}") = "AMSuite2.Web", "src\AMSuite2.Web\AMSuite2.Web.csproj", "{B1F73696-86A1-408E-AB73-BE6B29C38117}"
EndProject
Project("{9A19103F-16F7-4668-BE54-9A1E7A4F7556}") = "AMSuite2.Entities", "src\AMSuite2.Entities\AMSuite2.Entities.csproj", "{E4170E30-4E6E-4F09-8BF7-CC1F37A2AD5E}"
EndProject
Project("{9A19103F-16F7-4668-BE54-9A1E7A4F7556}") = "AMSuite2.Files", "src\AMSuite2.Files\AMSuite2.Files.csproj", "{2B531DEC-5D39-4942-8996-B6FFA6B2BE9A}"
EndProject
Global
	GlobalSection(SolutionConfigurationPlatforms) = preSolution
		Debug|Any CPU = Debug|Any CPU
		Release|Any CPU = Release|Any CPU
	EndGlobalSection
	GlobalSection(ProjectConfigurationPlatforms) = postSolution
		{2C68678D-062E-4218-8C56-76BB29736B2E}.Debug|Any CPU.ActiveCfg = Debug|Any CPU
		{2C68678D-062E-4218-8C56-76BB29736B2E}.Debug|Any CPU.Build.0 = Debug|Any CPU
		{2C68678D-062E-4218-8C56-76BB29736B2E}.Release|Any CPU.ActiveCfg = Release|Any CPU
		{2C68678D-062E-4218-8C56-76BB29736B2E}.Release|Any CPU.Build.0 = Release|Any CPU
		{B1F73696-86A1-408E-AB73-BE6B29C38117}.Debug|Any CPU.ActiveCfg = Debug|Any CPU
		{B1F73696-86A1-408E-AB73-BE6B29C38117}.Release|Any CPU.ActiveCfg = Release|Any CPU
		{B1F73696-86A1-408E-AB73-BE6B29C38117}.Release|Any CPU.Build.0 = Release|Any CPU
		{E4170E30-4E6E-4F09-8BF7-CC1F37A2AD5E}.Debug|Any CPU.ActiveCfg = Debug|Any CPU
		{E4170E30-4E6E-4F09-8BF7-CC1F37A2AD5E}.Debug|Any CPU.Build.0 = Debug|Any CPU
		{E4170E30-4E6E-4F09-8BF7-CC1F37A2AD5E}.Release|Any CPU.ActiveCfg = Release|Any CPU
		{E4170E30-4E6E-4F09-8BF7-CC1F37A2AD5E}.Release|Any CPU.Build.0 = Release|Any CPU
		{2B531DEC-5D39-4942-8996-B6FFA6B2BE9A}.Debug|Any CPU.ActiveCfg = Debug|Any CPU
		{2B531DEC-5D39-4942-8996-B6FFA6B2BE9A}.Debug|Any CPU.Build.0 = Debug|Any CPU
		{2B531DEC-5D39-4942-8996-B6FFA6B2BE9A}.Release|Any CPU.ActiveCfg = Release|Any CPU
		{2B531DEC-5D39-4942-8996-B6FFA6B2BE9A}.Release|Any CPU.Build.0 = Release|Any CPU
	EndGlobalSection
	GlobalSection(SolutionProperties) = preSolution
		HideSolutionNode = FALSE
	EndGlobalSection
	GlobalSection(NestedProjects) = preSolution
		{2C68678D-062E-4218-8C56-76BB29736B2E} = {398BB0CF-A821-48FB-BA6F-99D005C238AA}
		{B1F73696-86A1-408E-AB73-BE6B29C38117} = {398BB0CF-A821-48FB-BA6F-99D005C238AA}
		{E4170E30-4E6E-4F09-8BF7-CC1F37A2AD5E} = {398BB0CF-A821-48FB-BA6F-99D005C238AA}
		{2B531DEC-5D39-4942-8996-B6FFA6B2BE9A} = {398BB0CF-A821-48FB-BA6F-99D005C238AA}
	EndGlobalSection
	GlobalSection(ExtensibilityGlobals) = postSolution
		SolutionGuid = {DB86CD33-7CA9-4CDC-B93C-6ED0D373923B}
	EndGlobalSection
EndGlobal
